
Microsoft Visual Studio Solution File, Format Version 12.00
# Visual Studio Version 16
VisualStudioVersion = 16.0.29728.190
MinimumVisualStudioVersion = 10.0.40219.1
Project("{FAE04EC0-301F-11D3-BF4B-00C04F79EFBC}") = "EntelDigital", "EntelDigital\EntelDigital.csproj", "{7746A33C-C7BA-4DF5-ABA6-E950572373DA}"
EndProject
Project("{2150E333-8FDC-42A3-9474-1A3956D46DE8}") = "Frontend", "Frontend", "{5A0E4CF0-69B7-4ABF-B134-1BA87FD73510}"
EndProject
Project("{2150E333-8FDC-42A3-9474-1A3956D46DE8}") = "BackEnd", "BackEnd", "{F14D035E-38C1-4A4F-B11A-481774113D29}"
EndProject
Project("{FAE04EC0-301F-11D3-BF4B-00C04F79EFBC}") = "AccesoDatos", "AccesoDatos\AccesoDatos.csproj", "{C1951743-31F5-4F8C-8BA2-E7C2A4188E76}"
EndProject
Project("{FAE04EC0-301F-11D3-BF4B-00C04F79EFBC}") = "Logica", "Logica\Logica.csproj", "{8A33BAAF-AC38-4A9B-A148-27CEEEE61540}"
EndProject
Project("{FAE04EC0-301F-11D3-BF4B-00C04F79EFBC}") = "Modelo", "Modelo\Modelo.csproj", "{AA5EB64B-CD13-432F-960A-966480BD3F93}"
EndProject
Global
	GlobalSection(SolutionConfigurationPlatforms) = preSolution
		Debug|Any CPU = Debug|Any CPU
		Release|Any CPU = Release|Any CPU
	EndGlobalSection
	GlobalSection(ProjectConfigurationPlatforms) = postSolution
		{7746A33C-C7BA-4DF5-ABA6-E950572373DA}.Debug|Any CPU.ActiveCfg = Debug|Any CPU
		{7746A33C-C7BA-4DF5-ABA6-E950572373DA}.Debug|Any CPU.Build.0 = Debug|Any CPU
		{7746A33C-C7BA-4DF5-ABA6-E950572373DA}.Release|Any CPU.ActiveCfg = Release|Any CPU
		{7746A33C-C7BA-4DF5-ABA6-E950572373DA}.Release|Any CPU.Build.0 = Release|Any CPU
		{C1951743-31F5-4F8C-8BA2-E7C2A4188E76}.Debug|Any CPU.ActiveCfg = Debug|Any CPU
		{C1951743-31F5-4F8C-8BA2-E7C2A4188E76}.Debug|Any CPU.Build.0 = Debug|Any CPU
		{C1951743-31F5-4F8C-8BA2-E7C2A4188E76}.Release|Any CPU.ActiveCfg = Release|Any CPU
		{C1951743-31F5-4F8C-8BA2-E7C2A4188E76}.Release|Any CPU.Build.0 = Release|Any CPU
		{8A33BAAF-AC38-4A9B-A148-27CEEEE61540}.Debug|Any CPU.ActiveCfg = Debug|Any CPU
		{8A33BAAF-AC38-4A9B-A148-27CEEEE61540}.Debug|Any CPU.Build.0 = Debug|Any CPU
		{8A33BAAF-AC38-4A9B-A148-27CEEEE61540}.Release|Any CPU.ActiveCfg = Release|Any CPU
		{8A33BAAF-AC38-4A9B-A148-27CEEEE61540}.Release|Any CPU.Build.0 = Release|Any CPU
		{AA5EB64B-CD13-432F-960A-966480BD3F93}.Debug|Any CPU.ActiveCfg = Debug|Any CPU
		{AA5EB64B-CD13-432F-960A-966480BD3F93}.Debug|Any CPU.Build.0 = Debug|Any CPU
		{AA5EB64B-CD13-432F-960A-966480BD3F93}.Release|Any CPU.ActiveCfg = Release|Any CPU
		{AA5EB64B-CD13-432F-960A-966480BD3F93}.Release|Any CPU.Build.0 = Release|Any CPU
	EndGlobalSection
	GlobalSection(SolutionProperties) = preSolution
		HideSolutionNode = FALSE
	EndGlobalSection
	GlobalSection(NestedProjects) = preSolution
		{7746A33C-C7BA-4DF5-ABA6-E950572373DA} = {5A0E4CF0-69B7-4ABF-B134-1BA87FD73510}
		{C1951743-31F5-4F8C-8BA2-E7C2A4188E76} = {F14D035E-38C1-4A4F-B11A-481774113D29}
		{8A33BAAF-AC38-4A9B-A148-27CEEEE61540} = {F14D035E-38C1-4A4F-B11A-481774113D29}
		{AA5EB64B-CD13-432F-960A-966480BD3F93} = {F14D035E-38C1-4A4F-B11A-481774113D29}
	EndGlobalSection
	GlobalSection(ExtensibilityGlobals) = postSolution
		SolutionGuid = {0F681D5A-7FD8-4A26-BD2D-459075BB6EBC}
	EndGlobalSection
EndGlobal
